
Microsoft Visual Studio Solution File, Format Version 12.00
# Visual Studio Version 17
VisualStudioVersion = 17.0.31903.59
MinimumVisualStudioVersion = 10.0.40219.1
Project("{2150E333-8FDC-42A3-9474-1A3956D46DE8}") = "src", "src", "{827E0CD3-B72D-47B6-A68D-7590B98EB39B}"
EndProject
Project("{FAE04EC0-301F-11D3-BF4B-00C04F79EFBC}") = "CoreMvvmLib.Component", "src\CoreMvvmLib.Component\CoreMvvmLib.Component.csproj", "{C7C2C35D-1A49-44F3-AF07-F102B2418E63}"
EndProject
Project("{FAE04EC0-301F-11D3-BF4B-00C04F79EFBC}") = "CoreMvvmLib.Core", "src\CoreMvvmLib.Core\CoreMvvmLib.Core.csproj", "{10E0C3B6-0DF8-4372-8F0A-062817549272}"
EndProject
Project("{FAE04EC0-301F-11D3-BF4B-00C04F79EFBC}") = "CoreMvvmLib.Design", "src\CoreMvvmLib.Design\CoreMvvmLib.Design.csproj", "{E58519FD-B4B0-47A2-9255-2B207745E6B4}"
EndProject
Project("{FAE04EC0-301F-11D3-BF4B-00C04F79EFBC}") = "CoreMvvmLib.WPF", "src\CoreMvvmLib.WPF\CoreMvvmLib.WPF.csproj", "{1A2ACD48-421C-44DE-B80F-985DDF82A777}"
EndProject
Project("{2150E333-8FDC-42A3-9474-1A3956D46DE8}") = "test", "test", "{0C88DD14-F956-CE84-757C-A364CCF449FC}"
EndProject
Project("{FAE04EC0-301F-11D3-BF4B-00C04F79EFBC}") = "CodeCompareTest", "test\CodeCompareTest\CodeCompareTest.csproj", "{24AAD722-BA23-497E-A870-50DDE196AD36}"
EndProject
Project("{FAE04EC0-301F-11D3-BF4B-00C04F79EFBC}") = "FileCompare", "test\FileCompare\FileCompare.csproj", "{5412A878-7BA0-426C-A402-C10590BB7164}"
EndProject
Project("{FAE04EC0-301F-11D3-BF4B-00C04F79EFBC}") = "GeneratorTest", "test\GeneratorTest\GeneratorTest.csproj", "{89773AD4-986A-4C63-9825-E988AEB41771}"
EndProject
Project("{FAE04EC0-301F-11D3-BF4B-00C04F79EFBC}") = "IocUnitTest", "test\IocUnitTest\IocUnitTest.csproj", "{7252CEEE-0988-4673-85BB-EB6C2678FD06}"
EndProject
Project("{FAE04EC0-301F-11D3-BF4B-00C04F79EFBC}") = "RegionTest", "test\RegionTest\RegionTest.csproj", "{6D8D8040-4E65-4439-8F96-B3FB6F52569D}"
EndProject
Project("{FAE04EC0-301F-11D3-BF4B-00C04F79EFBC}") = "TestCSharpParsing", "test\TestCSharpParsing\TestCSharpParsing.csproj", "{8D5953D8-FB50-41C5-8A0F-4C2C1EBB7557}"
EndProject
Project("{FAE04EC0-301F-11D3-BF4B-00C04F79EFBC}") = "TestProject1", "test\TestProject1\TestProject1.csproj", "{F42D7730-D0BC-47DB-BA53-EC876DEB27AE}"
EndProject
Project("{FAE04EC0-301F-11D3-BF4B-00C04F79EFBC}") = "WpfTest1", "test\WpfTest\WpfTest1.csproj", "{3471899B-2ACF-4A3C-9094-031D9D57D19D}"
EndProject
Project("{FAE04EC0-301F-11D3-BF4B-00C04F79EFBC}") = "onpenxmlTest", "test\onpenxmlTest\onpenxmlTest.csproj", "{9CAE3A7F-B47D-42F3-A4D7-2A5F31305BCE}"
EndProject
Project("{FAE04EC0-301F-11D3-BF4B-00C04F79EFBC}") = "SourceCompare", "test\wpfCodeCheck.FilesCompare\SourceCompare.csproj", "{725B2097-98F4-4F5D-BC97-F0916DCAFCD2}"
EndProject
Project("{2150E333-8FDC-42A3-9474-1A3956D46DE8}") = "lib", "lib", "{3A8DF596-E814-FECC-DD4B-D8EF8AAC1A0D}"
EndProject
Project("{FAE04EC0-301F-11D3-BF4B-00C04F79EFBC}") = "CompareEngine", "lib\CompareEngine\CompareEngine.csproj", "{BB3E9ABE-D020-4F8E-9C46-11000AE651A4}"
EndProject
Project("{2150E333-8FDC-42A3-9474-1A3956D46DE8}") = "example", "example", "{1D587995-D2B1-D47C-23B4-E8E972FA15E9}"
EndProject
Project("{2150E333-8FDC-42A3-9474-1A3956D46DE8}") = "wpfCodeCheck", "wpfCodeCheck", "{E4C9BB47-239B-34F3-D604-897772D5A3E9}"
EndProject
Project("{FAE04EC0-301F-11D3-BF4B-00C04F79EFBC}") = "wpfCodeCheck.Component", "example\wpfCodeCheck\wpfCodeCheck.Component\wpfCodeCheck.Component.csproj", "{903A8041-6F5E-4350-9D08-6F0ADA454BE6}"
EndProject
Project("{FAE04EC0-301F-11D3-BF4B-00C04F79EFBC}") = "wpfCodeCheck.Domain", "example\wpfCodeCheck\wpfCodeCheck.Domain\wpfCodeCheck.Domain.csproj", "{5B28B5F6-2AF8-474E-A5ED-81E4FAEF38E0}"
EndProject
Project("{FAE04EC0-301F-11D3-BF4B-00C04F79EFBC}") = "wpfCodeCheck.Forms", "example\wpfCodeCheck\wpfCodeCheck.Forms\wpfCodeCheck.Forms.csproj", "{E05FCB2E-2EFB-4DD1-AEDE-757F9161C545}"
EndProject
Project("{FAE04EC0-301F-11D3-BF4B-00C04F79EFBC}") = "wpfCodeCheck.Main", "example\wpfCodeCheck\wpfCodeCheck.Main\wpfCodeCheck.Main.csproj", "{41C811C9-5CB4-4186-A8E6-CF2D99725595}"
EndProject
Project("{FAE04EC0-301F-11D3-BF4B-00C04F79EFBC}") = "wpfCodeCheck.ProjectChangeTracker", "example\wpfCodeCheck\wpfCodeCheck.ProjectChangeTracker\wpfCodeCheck.ProjectChangeTracker.csproj", "{2C02B5C8-7575-4019-86B4-D457EFAB2917}"
EndProject
Project("{FAE04EC0-301F-11D3-BF4B-00C04F79EFBC}") = "wpfCodeCheck.SDDExport", "example\wpfCodeCheck\wpfCodeCheck.SDDExport\wpfCodeCheck.SDDExport.csproj", "{9FD97A6D-DFEA-430C-B020-2047AF1F21AD}"
EndProject
Project("{FAE04EC0-301F-11D3-BF4B-00C04F79EFBC}") = "wpfCodeCheck", "example\wpfCodeCheck\wpfCodeCheck\wpfCodeCheck.csproj", "{E331EAB6-F6AC-4729-B726-39D835DF6666}"
EndProject
Global
	GlobalSection(SolutionConfigurationPlatforms) = preSolution
		Debug|Any CPU = Debug|Any CPU
		Debug|x64 = Debug|x64
		Debug|x86 = Debug|x86
		Release|Any CPU = Release|Any CPU
		Release|x64 = Release|x64
		Release|x86 = Release|x86
	EndGlobalSection
	GlobalSection(ProjectConfigurationPlatforms) = postSolution
		{C7C2C35D-1A49-44F3-AF07-F102B2418E63}.Debug|Any CPU.ActiveCfg = Debug|Any CPU
		{C7C2C35D-1A49-44F3-AF07-F102B2418E63}.Debug|Any CPU.Build.0 = Debug|Any CPU
		{C7C2C35D-1A49-44F3-AF07-F102B2418E63}.Debug|x64.ActiveCfg = Debug|Any CPU
		{C7C2C35D-1A49-44F3-AF07-F102B2418E63}.Debug|x64.Build.0 = Debug|Any CPU
		{C7C2C35D-1A49-44F3-AF07-F102B2418E63}.Debug|x86.ActiveCfg = Debug|x86
		{C7C2C35D-1A49-44F3-AF07-F102B2418E63}.Debug|x86.Build.0 = Debug|x86
		{C7C2C35D-1A49-44F3-AF07-F102B2418E63}.Release|Any CPU.ActiveCfg = Release|Any CPU
		{C7C2C35D-1A49-44F3-AF07-F102B2418E63}.Release|Any CPU.Build.0 = Release|Any CPU
		{C7C2C35D-1A49-44F3-AF07-F102B2418E63}.Release|x64.ActiveCfg = Release|Any CPU
		{C7C2C35D-1A49-44F3-AF07-F102B2418E63}.Release|x64.Build.0 = Release|Any CPU
		{C7C2C35D-1A49-44F3-AF07-F102B2418E63}.Release|x86.ActiveCfg = Release|x86
		{C7C2C35D-1A49-44F3-AF07-F102B2418E63}.Release|x86.Build.0 = Release|x86
		{10E0C3B6-0DF8-4372-8F0A-062817549272}.Debug|Any CPU.ActiveCfg = Debug|Any CPU
		{10E0C3B6-0DF8-4372-8F0A-062817549272}.Debug|Any CPU.Build.0 = Debug|Any CPU
		{10E0C3B6-0DF8-4372-8F0A-062817549272}.Debug|x64.ActiveCfg = Debug|Any CPU
		{10E0C3B6-0DF8-4372-8F0A-062817549272}.Debug|x64.Build.0 = Debug|Any CPU
		{10E0C3B6-0DF8-4372-8F0A-062817549272}.Debug|x86.ActiveCfg = Debug|x86
		{10E0C3B6-0DF8-4372-8F0A-062817549272}.Debug|x86.Build.0 = Debug|x86
		{10E0C3B6-0DF8-4372-8F0A-062817549272}.Release|Any CPU.ActiveCfg = Release|Any CPU
		{10E0C3B6-0DF8-4372-8F0A-062817549272}.Release|Any CPU.Build.0 = Release|Any CPU
		{10E0C3B6-0DF8-4372-8F0A-062817549272}.Release|x64.ActiveCfg = Release|Any CPU
		{10E0C3B6-0DF8-4372-8F0A-062817549272}.Release|x64.Build.0 = Release|Any CPU
		{10E0C3B6-0DF8-4372-8F0A-062817549272}.Release|x86.ActiveCfg = Release|x86
		{10E0C3B6-0DF8-4372-8F0A-062817549272}.Release|x86.Build.0 = Release|x86
		{E58519FD-B4B0-47A2-9255-2B207745E6B4}.Debug|Any CPU.ActiveCfg = Debug|Any CPU
		{E58519FD-B4B0-47A2-9255-2B207745E6B4}.Debug|Any CPU.Build.0 = Debug|Any CPU
		{E58519FD-B4B0-47A2-9255-2B207745E6B4}.Debug|x64.ActiveCfg = Debug|Any CPU
		{E58519FD-B4B0-47A2-9255-2B207745E6B4}.Debug|x64.Build.0 = Debug|Any CPU
		{E58519FD-B4B0-47A2-9255-2B207745E6B4}.Debug|x86.ActiveCfg = Debug|x86
		{E58519FD-B4B0-47A2-9255-2B207745E6B4}.Debug|x86.Build.0 = Debug|x86
		{E58519FD-B4B0-47A2-9255-2B207745E6B4}.Release|Any CPU.ActiveCfg = Release|Any CPU
		{E58519FD-B4B0-47A2-9255-2B207745E6B4}.Release|Any CPU.Build.0 = Release|Any CPU
		{E58519FD-B4B0-47A2-9255-2B207745E6B4}.Release|x64.ActiveCfg = Release|Any CPU
		{E58519FD-B4B0-47A2-9255-2B207745E6B4}.Release|x64.Build.0 = Release|Any CPU
		{E58519FD-B4B0-47A2-9255-2B207745E6B4}.Release|x86.ActiveCfg = Release|x86
		{E58519FD-B4B0-47A2-9255-2B207745E6B4}.Release|x86.Build.0 = Release|x86
		{1A2ACD48-421C-44DE-B80F-985DDF82A777}.Debug|Any CPU.ActiveCfg = Debug|Any CPU
		{1A2ACD48-421C-44DE-B80F-985DDF82A777}.Debug|Any CPU.Build.0 = Debug|Any CPU
		{1A2ACD48-421C-44DE-B80F-985DDF82A777}.Debug|x64.ActiveCfg = Debug|Any CPU
		{1A2ACD48-421C-44DE-B80F-985DDF82A777}.Debug|x64.Build.0 = Debug|Any CPU
		{1A2ACD48-421C-44DE-B80F-985DDF82A777}.Debug|x86.ActiveCfg = Debug|x86
		{1A2ACD48-421C-44DE-B80F-985DDF82A777}.Debug|x86.Build.0 = Debug|x86
		{1A2ACD48-421C-44DE-B80F-985DDF82A777}.Release|Any CPU.ActiveCfg = Release|Any CPU
		{1A2ACD48-421C-44DE-B80F-985DDF82A777}.Release|Any CPU.Build.0 = Release|Any CPU
		{1A2ACD48-421C-44DE-B80F-985DDF82A777}.Release|x64.ActiveCfg = Release|Any CPU
		{1A2ACD48-421C-44DE-B80F-985DDF82A777}.Release|x64.Build.0 = Release|Any CPU
		{1A2ACD48-421C-44DE-B80F-985DDF82A777}.Release|x86.ActiveCfg = Release|x86
		{1A2ACD48-421C-44DE-B80F-985DDF82A777}.Release|x86.Build.0 = Release|x86
		{24AAD722-BA23-497E-A870-50DDE196AD36}.Debug|Any CPU.ActiveCfg = Debug|Any CPU
		{24AAD722-BA23-497E-A870-50DDE196AD36}.Debug|Any CPU.Build.0 = Debug|Any CPU
		{24AAD722-BA23-497E-A870-50DDE196AD36}.Debug|x64.ActiveCfg = Debug|Any CPU
		{24AAD722-BA23-497E-A870-50DDE196AD36}.Debug|x64.Build.0 = Debug|Any CPU
		{24AAD722-BA23-497E-A870-50DDE196AD36}.Debug|x86.ActiveCfg = Debug|x86
		{24AAD722-BA23-497E-A870-50DDE196AD36}.Debug|x86.Build.0 = Debug|x86
		{24AAD722-BA23-497E-A870-50DDE196AD36}.Release|Any CPU.ActiveCfg = Release|Any CPU
		{24AAD722-BA23-497E-A870-50DDE196AD36}.Release|Any CPU.Build.0 = Release|Any CPU
		{24AAD722-BA23-497E-A870-50DDE196AD36}.Release|x64.ActiveCfg = Release|Any CPU
		{24AAD722-BA23-497E-A870-50DDE196AD36}.Release|x64.Build.0 = Release|Any CPU
		{24AAD722-BA23-497E-A870-50DDE196AD36}.Release|x86.ActiveCfg = Release|x86
		{24AAD722-BA23-497E-A870-50DDE196AD36}.Release|x86.Build.0 = Release|x86
		{5412A878-7BA0-426C-A402-C10590BB7164}.Debug|Any CPU.ActiveCfg = Debug|Any CPU
		{5412A878-7BA0-426C-A402-C10590BB7164}.Debug|Any CPU.Build.0 = Debug|Any CPU
		{5412A878-7BA0-426C-A402-C10590BB7164}.Debug|x64.ActiveCfg = Debug|Any CPU
		{5412A878-7BA0-426C-A402-C10590BB7164}.Debug|x64.Build.0 = Debug|Any CPU
		{5412A878-7BA0-426C-A402-C10590BB7164}.Debug|x86.ActiveCfg = Debug|Any CPU
		{5412A878-7BA0-426C-A402-C10590BB7164}.Debug|x86.Build.0 = Debug|Any CPU
		{5412A878-7BA0-426C-A402-C10590BB7164}.Release|Any CPU.ActiveCfg = Release|Any CPU
		{5412A878-7BA0-426C-A402-C10590BB7164}.Release|Any CPU.Build.0 = Release|Any CPU
		{5412A878-7BA0-426C-A402-C10590BB7164}.Release|x64.ActiveCfg = Release|Any CPU
		{5412A878-7BA0-426C-A402-C10590BB7164}.Release|x64.Build.0 = Release|Any CPU
		{5412A878-7BA0-426C-A402-C10590BB7164}.Release|x86.ActiveCfg = Release|Any CPU
		{5412A878-7BA0-426C-A402-C10590BB7164}.Release|x86.Build.0 = Release|Any CPU
		{89773AD4-986A-4C63-9825-E988AEB41771}.Debug|Any CPU.ActiveCfg = Debug|Any CPU
		{89773AD4-986A-4C63-9825-E988AEB41771}.Debug|Any CPU.Build.0 = Debug|Any CPU
		{89773AD4-986A-4C63-9825-E988AEB41771}.Debug|x64.ActiveCfg = Debug|Any CPU
		{89773AD4-986A-4C63-9825-E988AEB41771}.Debug|x64.Build.0 = Debug|Any CPU
		{89773AD4-986A-4C63-9825-E988AEB41771}.Debug|x86.ActiveCfg = Debug|x86
		{89773AD4-986A-4C63-9825-E988AEB41771}.Debug|x86.Build.0 = Debug|x86
		{89773AD4-986A-4C63-9825-E988AEB41771}.Release|Any CPU.ActiveCfg = Release|Any CPU
		{89773AD4-986A-4C63-9825-E988AEB41771}.Release|Any CPU.Build.0 = Release|Any CPU
		{89773AD4-986A-4C63-9825-E988AEB41771}.Release|x64.ActiveCfg = Release|Any CPU
		{89773AD4-986A-4C63-9825-E988AEB41771}.Release|x64.Build.0 = Release|Any CPU
		{89773AD4-986A-4C63-9825-E988AEB41771}.Release|x86.ActiveCfg = Release|x86
		{89773AD4-986A-4C63-9825-E988AEB41771}.Release|x86.Build.0 = Release|x86
		{7252CEEE-0988-4673-85BB-EB6C2678FD06}.Debug|Any CPU.ActiveCfg = Debug|Any CPU
		{7252CEEE-0988-4673-85BB-EB6C2678FD06}.Debug|Any CPU.Build.0 = Debug|Any CPU
		{7252CEEE-0988-4673-85BB-EB6C2678FD06}.Debug|x64.ActiveCfg = Debug|Any CPU
		{7252CEEE-0988-4673-85BB-EB6C2678FD06}.Debug|x64.Build.0 = Debug|Any CPU
		{7252CEEE-0988-4673-85BB-EB6C2678FD06}.Debug|x86.ActiveCfg = Debug|x86
		{7252CEEE-0988-4673-85BB-EB6C2678FD06}.Debug|x86.Build.0 = Debug|x86
		{7252CEEE-0988-4673-85BB-EB6C2678FD06}.Release|Any CPU.ActiveCfg = Release|Any CPU
		{7252CEEE-0988-4673-85BB-EB6C2678FD06}.Release|Any CPU.Build.0 = Release|Any CPU
		{7252CEEE-0988-4673-85BB-EB6C2678FD06}.Release|x64.ActiveCfg = Release|Any CPU
		{7252CEEE-0988-4673-85BB-EB6C2678FD06}.Release|x64.Build.0 = Release|Any CPU
		{7252CEEE-0988-4673-85BB-EB6C2678FD06}.Release|x86.ActiveCfg = Release|x86
		{7252CEEE-0988-4673-85BB-EB6C2678FD06}.Release|x86.Build.0 = Release|x86
		{6D8D8040-4E65-4439-8F96-B3FB6F52569D}.Debug|Any CPU.ActiveCfg = Debug|Any CPU
		{6D8D8040-4E65-4439-8F96-B3FB6F52569D}.Debug|Any CPU.Build.0 = Debug|Any CPU
		{6D8D8040-4E65-4439-8F96-B3FB6F52569D}.Debug|x64.ActiveCfg = Debug|Any CPU
		{6D8D8040-4E65-4439-8F96-B3FB6F52569D}.Debug|x64.Build.0 = Debug|Any CPU
		{6D8D8040-4E65-4439-8F96-B3FB6F52569D}.Debug|x86.ActiveCfg = Debug|x86
		{6D8D8040-4E65-4439-8F96-B3FB6F52569D}.Debug|x86.Build.0 = Debug|x86
		{6D8D8040-4E65-4439-8F96-B3FB6F52569D}.Release|Any CPU.ActiveCfg = Release|Any CPU
		{6D8D8040-4E65-4439-8F96-B3FB6F52569D}.Release|Any CPU.Build.0 = Release|Any CPU
		{6D8D8040-4E65-4439-8F96-B3FB6F52569D}.Release|x64.ActiveCfg = Release|Any CPU
		{6D8D8040-4E65-4439-8F96-B3FB6F52569D}.Release|x64.Build.0 = Release|Any CPU
		{6D8D8040-4E65-4439-8F96-B3FB6F52569D}.Release|x86.ActiveCfg = Release|x86
		{6D8D8040-4E65-4439-8F96-B3FB6F52569D}.Release|x86.Build.0 = Release|x86
		{8D5953D8-FB50-41C5-8A0F-4C2C1EBB7557}.Debug|Any CPU.ActiveCfg = Debug|Any CPU
		{8D5953D8-FB50-41C5-8A0F-4C2C1EBB7557}.Debug|Any CPU.Build.0 = Debug|Any CPU
		{8D5953D8-FB50-41C5-8A0F-4C2C1EBB7557}.Debug|x64.ActiveCfg = Debug|Any CPU
		{8D5953D8-FB50-41C5-8A0F-4C2C1EBB7557}.Debug|x64.Build.0 = Debug|Any CPU
		{8D5953D8-FB50-41C5-8A0F-4C2C1EBB7557}.Debug|x86.ActiveCfg = Debug|Any CPU
		{8D5953D8-FB50-41C5-8A0F-4C2C1EBB7557}.Debug|x86.Build.0 = Debug|Any CPU
		{8D5953D8-FB50-41C5-8A0F-4C2C1EBB7557}.Release|Any CPU.ActiveCfg = Release|Any CPU
		{8D5953D8-FB50-41C5-8A0F-4C2C1EBB7557}.Release|Any CPU.Build.0 = Release|Any CPU
		{8D5953D8-FB50-41C5-8A0F-4C2C1EBB7557}.Release|x64.ActiveCfg = Release|Any CPU
		{8D5953D8-FB50-41C5-8A0F-4C2C1EBB7557}.Release|x64.Build.0 = Release|Any CPU
		{8D5953D8-FB50-41C5-8A0F-4C2C1EBB7557}.Release|x86.ActiveCfg = Release|Any CPU
		{8D5953D8-FB50-41C5-8A0F-4C2C1EBB7557}.Release|x86.Build.0 = Release|Any CPU
		{F42D7730-D0BC-47DB-BA53-EC876DEB27AE}.Debug|Any CPU.ActiveCfg = Debug|Any CPU
		{F42D7730-D0BC-47DB-BA53-EC876DEB27AE}.Debug|Any CPU.Build.0 = Debug|Any CPU
		{F42D7730-D0BC-47DB-BA53-EC876DEB27AE}.Debug|x64.ActiveCfg = Debug|Any CPU
		{F42D7730-D0BC-47DB-BA53-EC876DEB27AE}.Debug|x64.Build.0 = Debug|Any CPU
		{F42D7730-D0BC-47DB-BA53-EC876DEB27AE}.Debug|x86.ActiveCfg = Debug|Any CPU
		{F42D7730-D0BC-47DB-BA53-EC876DEB27AE}.Debug|x86.Build.0 = Debug|Any CPU
		{F42D7730-D0BC-47DB-BA53-EC876DEB27AE}.Release|Any CPU.ActiveCfg = Release|Any CPU
		{F42D7730-D0BC-47DB-BA53-EC876DEB27AE}.Release|Any CPU.Build.0 = Release|Any CPU
		{F42D7730-D0BC-47DB-BA53-EC876DEB27AE}.Release|x64.ActiveCfg = Release|Any CPU
		{F42D7730-D0BC-47DB-BA53-EC876DEB27AE}.Release|x64.Build.0 = Release|Any CPU
		{F42D7730-D0BC-47DB-BA53-EC876DEB27AE}.Release|x86.ActiveCfg = Release|Any CPU
		{F42D7730-D0BC-47DB-BA53-EC876DEB27AE}.Release|x86.Build.0 = Release|Any CPU
		{3471899B-2ACF-4A3C-9094-031D9D57D19D}.Debug|Any CPU.ActiveCfg = Debug|Any CPU
		{3471899B-2ACF-4A3C-9094-031D9D57D19D}.Debug|Any CPU.Build.0 = Debug|Any CPU
		{3471899B-2ACF-4A3C-9094-031D9D57D19D}.Debug|x64.ActiveCfg = Debug|Any CPU
		{3471899B-2ACF-4A3C-9094-031D9D57D19D}.Debug|x64.Build.0 = Debug|Any CPU
		{3471899B-2ACF-4A3C-9094-031D9D57D19D}.Debug|x86.ActiveCfg = Debug|x86
		{3471899B-2ACF-4A3C-9094-031D9D57D19D}.Debug|x86.Build.0 = Debug|x86
		{3471899B-2ACF-4A3C-9094-031D9D57D19D}.Release|Any CPU.ActiveCfg = Release|Any CPU
		{3471899B-2ACF-4A3C-9094-031D9D57D19D}.Release|Any CPU.Build.0 = Release|Any CPU
		{3471899B-2ACF-4A3C-9094-031D9D57D19D}.Release|x64.ActiveCfg = Release|Any CPU
		{3471899B-2ACF-4A3C-9094-031D9D57D19D}.Release|x64.Build.0 = Release|Any CPU
		{3471899B-2ACF-4A3C-9094-031D9D57D19D}.Release|x86.ActiveCfg = Release|x86
		{3471899B-2ACF-4A3C-9094-031D9D57D19D}.Release|x86.Build.0 = Release|x86
		{9CAE3A7F-B47D-42F3-A4D7-2A5F31305BCE}.Debug|Any CPU.ActiveCfg = Debug|Any CPU
		{9CAE3A7F-B47D-42F3-A4D7-2A5F31305BCE}.Debug|Any CPU.Build.0 = Debug|Any CPU
		{9CAE3A7F-B47D-42F3-A4D7-2A5F31305BCE}.Debug|x64.ActiveCfg = Debug|Any CPU
		{9CAE3A7F-B47D-42F3-A4D7-2A5F31305BCE}.Debug|x64.Build.0 = Debug|Any CPU
		{9CAE3A7F-B47D-42F3-A4D7-2A5F31305BCE}.Debug|x86.ActiveCfg = Debug|x86
		{9CAE3A7F-B47D-42F3-A4D7-2A5F31305BCE}.Debug|x86.Build.0 = Debug|x86
		{9CAE3A7F-B47D-42F3-A4D7-2A5F31305BCE}.Release|Any CPU.ActiveCfg = Release|Any CPU
		{9CAE3A7F-B47D-42F3-A4D7-2A5F31305BCE}.Release|Any CPU.Build.0 = Release|Any CPU
		{9CAE3A7F-B47D-42F3-A4D7-2A5F31305BCE}.Release|x64.ActiveCfg = Release|Any CPU
		{9CAE3A7F-B47D-42F3-A4D7-2A5F31305BCE}.Release|x64.Build.0 = Release|Any CPU
		{9CAE3A7F-B47D-42F3-A4D7-2A5F31305BCE}.Release|x86.ActiveCfg = Release|x86
		{9CAE3A7F-B47D-42F3-A4D7-2A5F31305BCE}.Release|x86.Build.0 = Release|x86
		{725B2097-98F4-4F5D-BC97-F0916DCAFCD2}.Debug|Any CPU.ActiveCfg = Debug|Any CPU
		{725B2097-98F4-4F5D-BC97-F0916DCAFCD2}.Debug|Any CPU.Build.0 = Debug|Any CPU
		{725B2097-98F4-4F5D-BC97-F0916DCAFCD2}.Debug|x64.ActiveCfg = Debug|Any CPU
		{725B2097-98F4-4F5D-BC97-F0916DCAFCD2}.Debug|x64.Build.0 = Debug|Any CPU
		{725B2097-98F4-4F5D-BC97-F0916DCAFCD2}.Debug|x86.ActiveCfg = Debug|x86
		{725B2097-98F4-4F5D-BC97-F0916DCAFCD2}.Debug|x86.Build.0 = Debug|x86
		{725B2097-98F4-4F5D-BC97-F0916DCAFCD2}.Release|Any CPU.ActiveCfg = Release|Any CPU
		{725B2097-98F4-4F5D-BC97-F0916DCAFCD2}.Release|Any CPU.Build.0 = Release|Any CPU
		{725B2097-98F4-4F5D-BC97-F0916DCAFCD2}.Release|x64.ActiveCfg = Release|Any CPU
		{725B2097-98F4-4F5D-BC97-F0916DCAFCD2}.Release|x64.Build.0 = Release|Any CPU
		{725B2097-98F4-4F5D-BC97-F0916DCAFCD2}.Release|x86.ActiveCfg = Release|x86
		{725B2097-98F4-4F5D-BC97-F0916DCAFCD2}.Release|x86.Build.0 = Release|x86
		{BB3E9ABE-D020-4F8E-9C46-11000AE651A4}.Debug|Any CPU.ActiveCfg = Debug|Any CPU
		{BB3E9ABE-D020-4F8E-9C46-11000AE651A4}.Debug|Any CPU.Build.0 = Debug|Any CPU
		{BB3E9ABE-D020-4F8E-9C46-11000AE651A4}.Debug|x64.ActiveCfg = Debug|Any CPU
		{BB3E9ABE-D020-4F8E-9C46-11000AE651A4}.Debug|x64.Build.0 = Debug|Any CPU
		{BB3E9ABE-D020-4F8E-9C46-11000AE651A4}.Debug|x86.ActiveCfg = Debug|x86
		{BB3E9ABE-D020-4F8E-9C46-11000AE651A4}.Debug|x86.Build.0 = Debug|x86
		{BB3E9ABE-D020-4F8E-9C46-11000AE651A4}.Release|Any CPU.ActiveCfg = Release|Any CPU
		{BB3E9ABE-D020-4F8E-9C46-11000AE651A4}.Release|Any CPU.Build.0 = Release|Any CPU
		{BB3E9ABE-D020-4F8E-9C46-11000AE651A4}.Release|x64.ActiveCfg = Release|Any CPU
		{BB3E9ABE-D020-4F8E-9C46-11000AE651A4}.Release|x64.Build.0 = Release|Any CPU
		{BB3E9ABE-D020-4F8E-9C46-11000AE651A4}.Release|x86.ActiveCfg = Release|x86
		{BB3E9ABE-D020-4F8E-9C46-11000AE651A4}.Release|x86.Build.0 = Release|x86
		{903A8041-6F5E-4350-9D08-6F0ADA454BE6}.Debug|Any CPU.ActiveCfg = Debug|Any CPU
		{903A8041-6F5E-4350-9D08-6F0ADA454BE6}.Debug|Any CPU.Build.0 = Debug|Any CPU
		{903A8041-6F5E-4350-9D08-6F0ADA454BE6}.Debug|x64.ActiveCfg = Debug|Any CPU
		{903A8041-6F5E-4350-9D08-6F0ADA454BE6}.Debug|x64.Build.0 = Debug|Any CPU
		{903A8041-6F5E-4350-9D08-6F0ADA454BE6}.Debug|x86.ActiveCfg = Debug|x86
		{903A8041-6F5E-4350-9D08-6F0ADA454BE6}.Debug|x86.Build.0 = Debug|x86
		{903A8041-6F5E-4350-9D08-6F0ADA454BE6}.Release|Any CPU.ActiveCfg = Release|Any CPU
		{903A8041-6F5E-4350-9D08-6F0ADA454BE6}.Release|Any CPU.Build.0 = Release|Any CPU
		{903A8041-6F5E-4350-9D08-6F0ADA454BE6}.Release|x64.ActiveCfg = Release|Any CPU
		{903A8041-6F5E-4350-9D08-6F0ADA454BE6}.Release|x64.Build.0 = Release|Any CPU
		{903A8041-6F5E-4350-9D08-6F0ADA454BE6}.Release|x86.ActiveCfg = Release|x86
		{903A8041-6F5E-4350-9D08-6F0ADA454BE6}.Release|x86.Build.0 = Release|x86
		{5B28B5F6-2AF8-474E-A5ED-81E4FAEF38E0}.Debug|Any CPU.ActiveCfg = Debug|Any CPU
		{5B28B5F6-2AF8-474E-A5ED-81E4FAEF38E0}.Debug|Any CPU.Build.0 = Debug|Any CPU
		{5B28B5F6-2AF8-474E-A5ED-81E4FAEF38E0}.Debug|x64.ActiveCfg = Debug|Any CPU
		{5B28B5F6-2AF8-474E-A5ED-81E4FAEF38E0}.Debug|x64.Build.0 = Debug|Any CPU
		{5B28B5F6-2AF8-474E-A5ED-81E4FAEF38E0}.Debug|x86.ActiveCfg = Debug|x86
		{5B28B5F6-2AF8-474E-A5ED-81E4FAEF38E0}.Debug|x86.Build.0 = Debug|x86
		{5B28B5F6-2AF8-474E-A5ED-81E4FAEF38E0}.Release|Any CPU.ActiveCfg = Release|Any CPU
		{5B28B5F6-2AF8-474E-A5ED-81E4FAEF38E0}.Release|Any CPU.Build.0 = Release|Any CPU
		{5B28B5F6-2AF8-474E-A5ED-81E4FAEF38E0}.Release|x64.ActiveCfg = Release|Any CPU
		{5B28B5F6-2AF8-474E-A5ED-81E4FAEF38E0}.Release|x64.Build.0 = Release|Any CPU
		{5B28B5F6-2AF8-474E-A5ED-81E4FAEF38E0}.Release|x86.ActiveCfg = Release|x86
		{5B28B5F6-2AF8-474E-A5ED-81E4FAEF38E0}.Release|x86.Build.0 = Release|x86
		{E05FCB2E-2EFB-4DD1-AEDE-757F9161C545}.Debug|Any CPU.ActiveCfg = Debug|Any CPU
		{E05FCB2E-2EFB-4DD1-AEDE-757F9161C545}.Debug|Any CPU.Build.0 = Debug|Any CPU
		{E05FCB2E-2EFB-4DD1-AEDE-757F9161C545}.Debug|x64.ActiveCfg = Debug|Any CPU
		{E05FCB2E-2EFB-4DD1-AEDE-757F9161C545}.Debug|x64.Build.0 = Debug|Any CPU
		{E05FCB2E-2EFB-4DD1-AEDE-757F9161C545}.Debug|x86.ActiveCfg = Debug|x86
		{E05FCB2E-2EFB-4DD1-AEDE-757F9161C545}.Debug|x86.Build.0 = Debug|x86
		{E05FCB2E-2EFB-4DD1-AEDE-757F9161C545}.Release|Any CPU.ActiveCfg = Release|Any CPU
		{E05FCB2E-2EFB-4DD1-AEDE-757F9161C545}.Release|Any CPU.Build.0 = Release|Any CPU
		{E05FCB2E-2EFB-4DD1-AEDE-757F9161C545}.Release|x64.ActiveCfg = Release|Any CPU
		{E05FCB2E-2EFB-4DD1-AEDE-757F9161C545}.Release|x64.Build.0 = Release|Any CPU
		{E05FCB2E-2EFB-4DD1-AEDE-757F9161C545}.Release|x86.ActiveCfg = Release|x86
		{E05FCB2E-2EFB-4DD1-AEDE-757F9161C545}.Release|x86.Build.0 = Release|x86
		{41C811C9-5CB4-4186-A8E6-CF2D99725595}.Debug|Any CPU.ActiveCfg = Debug|Any CPU
		{41C811C9-5CB4-4186-A8E6-CF2D99725595}.Debug|Any CPU.Build.0 = Debug|Any CPU
		{41C811C9-5CB4-4186-A8E6-CF2D99725595}.Debug|x64.ActiveCfg = Debug|Any CPU
		{41C811C9-5CB4-4186-A8E6-CF2D99725595}.Debug|x64.Build.0 = Debug|Any CPU
		{41C811C9-5CB4-4186-A8E6-CF2D99725595}.Debug|x86.ActiveCfg = Debug|x86
		{41C811C9-5CB4-4186-A8E6-CF2D99725595}.Debug|x86.Build.0 = Debug|x86
		{41C811C9-5CB4-4186-A8E6-CF2D99725595}.Release|Any CPU.ActiveCfg = Release|Any CPU
		{41C811C9-5CB4-4186-A8E6-CF2D99725595}.Release|Any CPU.Build.0 = Release|Any CPU
		{41C811C9-5CB4-4186-A8E6-CF2D99725595}.Release|x64.ActiveCfg = Release|Any CPU
		{41C811C9-5CB4-4186-A8E6-CF2D99725595}.Release|x64.Build.0 = Release|Any CPU
		{41C811C9-5CB4-4186-A8E6-CF2D99725595}.Release|x86.ActiveCfg = Release|x86
		{41C811C9-5CB4-4186-A8E6-CF2D99725595}.Release|x86.Build.0 = Release|x86
		{2C02B5C8-7575-4019-86B4-D457EFAB2917}.Debug|Any CPU.ActiveCfg = Debug|Any CPU
		{2C02B5C8-7575-4019-86B4-D457EFAB2917}.Debug|Any CPU.Build.0 = Debug|Any CPU
		{2C02B5C8-7575-4019-86B4-D457EFAB2917}.Debug|x64.ActiveCfg = Debug|Any CPU
		{2C02B5C8-7575-4019-86B4-D457EFAB2917}.Debug|x64.Build.0 = Debug|Any CPU
		{2C02B5C8-7575-4019-86B4-D457EFAB2917}.Debug|x86.ActiveCfg = Debug|x86
		{2C02B5C8-7575-4019-86B4-D457EFAB2917}.Debug|x86.Build.0 = Debug|x86
		{2C02B5C8-7575-4019-86B4-D457EFAB2917}.Release|Any CPU.ActiveCfg = Release|Any CPU
		{2C02B5C8-7575-4019-86B4-D457EFAB2917}.Release|Any CPU.Build.0 = Release|Any CPU
		{2C02B5C8-7575-4019-86B4-D457EFAB2917}.Release|x64.ActiveCfg = Release|Any CPU
		{2C02B5C8-7575-4019-86B4-D457EFAB2917}.Release|x64.Build.0 = Release|Any CPU
		{2C02B5C8-7575-4019-86B4-D457EFAB2917}.Release|x86.ActiveCfg = Release|x86
		{2C02B5C8-7575-4019-86B4-D457EFAB2917}.Release|x86.Build.0 = Release|x86
		{9FD97A6D-DFEA-430C-B020-2047AF1F21AD}.Debug|Any CPU.ActiveCfg = Debug|Any CPU
		{9FD97A6D-DFEA-430C-B020-2047AF1F21AD}.Debug|Any CPU.Build.0 = Debug|Any CPU
		{9FD97A6D-DFEA-430C-B020-2047AF1F21AD}.Debug|x64.ActiveCfg = Debug|Any CPU
		{9FD97A6D-DFEA-430C-B020-2047AF1F21AD}.Debug|x64.Build.0 = Debug|Any CPU
		{9FD97A6D-DFEA-430C-B020-2047AF1F21AD}.Debug|x86.ActiveCfg = Debug|x86
		{9FD97A6D-DFEA-430C-B020-2047AF1F21AD}.Debug|x86.Build.0 = Debug|x86
		{9FD97A6D-DFEA-430C-B020-2047AF1F21AD}.Release|Any CPU.ActiveCfg = Release|Any CPU
		{9FD97A6D-DFEA-430C-B020-2047AF1F21AD}.Release|Any CPU.Build.0 = Release|Any CPU
		{9FD97A6D-DFEA-430C-B020-2047AF1F21AD}.Release|x64.ActiveCfg = Release|Any CPU
		{9FD97A6D-DFEA-430C-B020-2047AF1F21AD}.Release|x64.Build.0 = Release|Any CPU
		{9FD97A6D-DFEA-430C-B020-2047AF1F21AD}.Release|x86.ActiveCfg = Release|x86
		{9FD97A6D-DFEA-430C-B020-2047AF1F21AD}.Release|x86.Build.0 = Release|x86
		{E331EAB6-F6AC-4729-B726-39D835DF6666}.Debug|Any CPU.ActiveCfg = Debug|Any CPU
		{E331EAB6-F6AC-4729-B726-39D835DF6666}.Debug|Any CPU.Build.0 = Debug|Any CPU
		{E331EAB6-F6AC-4729-B726-39D835DF6666}.Debug|x64.ActiveCfg = Debug|Any CPU
		{E331EAB6-F6AC-4729-B726-39D835DF6666}.Debug|x64.Build.0 = Debug|Any CPU
		{E331EAB6-F6AC-4729-B726-39D835DF6666}.Debug|x86.ActiveCfg = Debug|x86
		{E331EAB6-F6AC-4729-B726-39D835DF6666}.Debug|x86.Build.0 = Debug|x86
		{E331EAB6-F6AC-4729-B726-39D835DF6666}.Release|Any CPU.ActiveCfg = Release|Any CPU
		{E331EAB6-F6AC-4729-B726-39D835DF6666}.Release|Any CPU.Build.0 = Release|Any CPU
		{E331EAB6-F6AC-4729-B726-39D835DF6666}.Release|x64.ActiveCfg = Release|Any CPU
		{E331EAB6-F6AC-4729-B726-39D835DF6666}.Release|x64.Build.0 = Release|Any CPU
		{E331EAB6-F6AC-4729-B726-39D835DF6666}.Release|x86.ActiveCfg = Release|x86
		{E331EAB6-F6AC-4729-B726-39D835DF6666}.Release|x86.Build.0 = Release|x86
	EndGlobalSection
	GlobalSection(SolutionProperties) = preSolution
		HideSolutionNode = FALSE
	EndGlobalSection
	GlobalSection(NestedProjects) = preSolution
		{C7C2C35D-1A49-44F3-AF07-F102B2418E63} = {827E0CD3-B72D-47B6-A68D-7590B98EB39B}
		{10E0C3B6-0DF8-4372-8F0A-062817549272} = {827E0CD3-B72D-47B6-A68D-7590B98EB39B}
		{E58519FD-B4B0-47A2-9255-2B207745E6B4} = {827E0CD3-B72D-47B6-A68D-7590B98EB39B}
		{1A2ACD48-421C-44DE-B80F-985DDF82A777} = {827E0CD3-B72D-47B6-A68D-7590B98EB39B}
		{24AAD722-BA23-497E-A870-50DDE196AD36} = {0C88DD14-F956-CE84-757C-A364CCF449FC}
		{5412A878-7BA0-426C-A402-C10590BB7164} = {0C88DD14-F956-CE84-757C-A364CCF449FC}
		{89773AD4-986A-4C63-9825-E988AEB41771} = {0C88DD14-F956-CE84-757C-A364CCF449FC}
		{7252CEEE-0988-4673-85BB-EB6C2678FD06} = {0C88DD14-F956-CE84-757C-A364CCF449FC}
		{6D8D8040-4E65-4439-8F96-B3FB6F52569D} = {0C88DD14-F956-CE84-757C-A364CCF449FC}
		{8D5953D8-FB50-41C5-8A0F-4C2C1EBB7557} = {0C88DD14-F956-CE84-757C-A364CCF449FC}
		{F42D7730-D0BC-47DB-BA53-EC876DEB27AE} = {0C88DD14-F956-CE84-757C-A364CCF449FC}
		{3471899B-2ACF-4A3C-9094-031D9D57D19D} = {0C88DD14-F956-CE84-757C-A364CCF449FC}
		{9CAE3A7F-B47D-42F3-A4D7-2A5F31305BCE} = {0C88DD14-F956-CE84-757C-A364CCF449FC}
		{725B2097-98F4-4F5D-BC97-F0916DCAFCD2} = {0C88DD14-F956-CE84-757C-A364CCF449FC}
		{BB3E9ABE-D020-4F8E-9C46-11000AE651A4} = {3A8DF596-E814-FECC-DD4B-D8EF8AAC1A0D}
		{E4C9BB47-239B-34F3-D604-897772D5A3E9} = {1D587995-D2B1-D47C-23B4-E8E972FA15E9}
		{903A8041-6F5E-4350-9D08-6F0ADA454BE6} = {E4C9BB47-239B-34F3-D604-897772D5A3E9}
		{5B28B5F6-2AF8-474E-A5ED-81E4FAEF38E0} = {E4C9BB47-239B-34F3-D604-897772D5A3E9}
		{E05FCB2E-2EFB-4DD1-AEDE-757F9161C545} = {E4C9BB47-239B-34F3-D604-897772D5A3E9}
		{41C811C9-5CB4-4186-A8E6-CF2D99725595} = {E4C9BB47-239B-34F3-D604-897772D5A3E9}
		{2C02B5C8-7575-4019-86B4-D457EFAB2917} = {E4C9BB47-239B-34F3-D604-897772D5A3E9}
		{9FD97A6D-DFEA-430C-B020-2047AF1F21AD} = {E4C9BB47-239B-34F3-D604-897772D5A3E9}
		{E331EAB6-F6AC-4729-B726-39D835DF6666} = {E4C9BB47-239B-34F3-D604-897772D5A3E9}
	EndGlobalSection
	GlobalSection(ExtensibilityGlobals) = postSolution
		SolutionGuid = {251686A2-C947-4B5D-8465-F3E978BF33F3}
	EndGlobalSection
EndGlobal
