
Microsoft Visual Studio Solution File, Format Version 12.00
# Visual Studio Version 17
VisualStudioVersion = 17.8.34322.80
MinimumVisualStudioVersion = 10.0.40219.1
Project("{9A19103F-16F7-4668-BE54-9A1E7A4F7556}") = "CoreMvvmLib.Core", "CoreMvvmLib.Core\CoreMvvmLib.Core.csproj", "{24DA7789-4597-4B9E-822B-36CE08327E3B}"
EndProject
Project("{9A19103F-16F7-4668-BE54-9A1E7A4F7556}") = "WpfTest1", "WpfTest\WpfTest1.csproj", "{D7B4F154-052A-4C10-8AA0-0368526DB174}"
EndProject
Project("{9A19103F-16F7-4668-BE54-9A1E7A4F7556}") = "CoreMvvmLib.WPF", "CoreMvvmLib.WPF\CoreMvvmLib.WPF.csproj", "{78C3A4C0-F043-4A5E-83F5-8A45727A2DB7}"
EndProject
Project("{9A19103F-16F7-4668-BE54-9A1E7A4F7556}") = "TestProject1", "TestProject1\TestProject1.csproj", "{898E7AE0-63D9-43F5-9263-FE41731EE157}"
EndProject
Project("{2150E333-8FDC-42A3-9474-1A3956D46DE8}") = "Test", "Test", "{F4A6AE9B-1A5F-4CC3-BBD0-4D113B6466EA}"
EndProject
Project("{2150E333-8FDC-42A3-9474-1A3956D46DE8}") = "src", "src", "{5557D4ED-535B-479F-ABE7-3BE04C2B640C}"
EndProject
Project("{9A19103F-16F7-4668-BE54-9A1E7A4F7556}") = "RegionTest", "..\Example\RegionTest\RegionTest.csproj", "{8C89A120-C9C5-4CD3-A7F5-289C18CD9B87}"
EndProject
Project("{2150E333-8FDC-42A3-9474-1A3956D46DE8}") = "Project", "Project", "{F5F41E7B-6449-42EA-998B-675FBBF48BE6}"
EndProject
Project("{9A19103F-16F7-4668-BE54-9A1E7A4F7556}") = "CoreMvvmLib.Component", "CoreMvvmLib.Component\CoreMvvmLib.Component.csproj", "{50A584C3-CDFA-4FEF-8047-154AB30DDC7B}"
EndProject
Project("{9A19103F-16F7-4668-BE54-9A1E7A4F7556}") = "CoreMvvmLib.Design", "CoreMvvmLib.Design\CoreMvvmLib.Design.csproj", "{943C2EA6-747E-4B91-9EFD-F25301497F5E}"
EndProject
Project("{9A19103F-16F7-4668-BE54-9A1E7A4F7556}") = "wpfCodeCheck", "..\Project\wpfCodeCheck\wpfCodeCheck\wpfCodeCheck.csproj", "{5889972A-6830-4F72-A925-75E8FF02C7E3}"
EndProject
Project("{9A19103F-16F7-4668-BE54-9A1E7A4F7556}") = "wpfCodeCheck.Forms", "..\Project\wpfCodeCheck\wpfCodeCheck.Forms\wpfCodeCheck.Forms.csproj", "{67463462-2E60-457F-A970-98AB0F9E729B}"
EndProject
Project("{9A19103F-16F7-4668-BE54-9A1E7A4F7556}") = "wpfCodeCheck.Main", "..\Project\wpfCodeCheck\wpfCodeCheck.Main\wpfCodeCheck.Main.csproj", "{732A8523-8F58-40DB-84ED-C3FF0C282416}"
EndProject
Project("{9A19103F-16F7-4668-BE54-9A1E7A4F7556}") = "wpfCodeCheck.Shared", "..\Project\wpfCodeCheck\wpfCodeCheck.Shared\wpfCodeCheck.Shared.csproj", "{C22D78E3-A6B6-4454-85FF-67314F8C2176}"
EndProject
Project("{2150E333-8FDC-42A3-9474-1A3956D46DE8}") = "CodeCheck", "CodeCheck", "{CDCA6496-78CA-41A7-B767-E4E89F5542C6}"
EndProject
Project("{2150E333-8FDC-42A3-9474-1A3956D46DE8}") = "benchmark", "benchmark", "{70C34FC3-AB47-41CA-8C7D-1BD38E3CE405}"
EndProject
Project("{FAE04EC0-301F-11D3-BF4B-00C04F79EFBC}") = "onpenxmlTest", "..\Test\onpenxmlTest\onpenxmlTest.csproj", "{FF563129-35BA-4821-845B-D0FEB1B5D432}"
EndProject
Project("{9A19103F-16F7-4668-BE54-9A1E7A4F7556}") = "wpfCodeCheck.FilesCompare", "..\Test\wpfCodeCheck.FilesCompare\wpfCodeCheck.FilesCompare.csproj", "{E1B84B0A-7B0B-4663-9A12-A58E578F6E96}"
EndProject
Project("{FAE04EC0-301F-11D3-BF4B-00C04F79EFBC}") = "CodeCompareTest", "CodeCompareTest\CodeCompareTest.csproj", "{42ED7470-DBA1-4AC8-818A-3CDEE30032DB}"
EndProject
Global
	GlobalSection(SolutionConfigurationPlatforms) = preSolution
		Debug|Any CPU = Debug|Any CPU
		Release|Any CPU = Release|Any CPU
	EndGlobalSection
	GlobalSection(ProjectConfigurationPlatforms) = postSolution
		{24DA7789-4597-4B9E-822B-36CE08327E3B}.Debug|Any CPU.ActiveCfg = Debug|Any CPU
		{24DA7789-4597-4B9E-822B-36CE08327E3B}.Debug|Any CPU.Build.0 = Debug|Any CPU
		{24DA7789-4597-4B9E-822B-36CE08327E3B}.Release|Any CPU.ActiveCfg = Release|Any CPU
		{24DA7789-4597-4B9E-822B-36CE08327E3B}.Release|Any CPU.Build.0 = Release|Any CPU
		{D7B4F154-052A-4C10-8AA0-0368526DB174}.Debug|Any CPU.ActiveCfg = Debug|Any CPU
		{D7B4F154-052A-4C10-8AA0-0368526DB174}.Debug|Any CPU.Build.0 = Debug|Any CPU
		{D7B4F154-052A-4C10-8AA0-0368526DB174}.Release|Any CPU.ActiveCfg = Release|Any CPU
		{D7B4F154-052A-4C10-8AA0-0368526DB174}.Release|Any CPU.Build.0 = Release|Any CPU
		{78C3A4C0-F043-4A5E-83F5-8A45727A2DB7}.Debug|Any CPU.ActiveCfg = Debug|Any CPU
		{78C3A4C0-F043-4A5E-83F5-8A45727A2DB7}.Debug|Any CPU.Build.0 = Debug|Any CPU
		{78C3A4C0-F043-4A5E-83F5-8A45727A2DB7}.Release|Any CPU.ActiveCfg = Release|Any CPU
		{78C3A4C0-F043-4A5E-83F5-8A45727A2DB7}.Release|Any CPU.Build.0 = Release|Any CPU
		{898E7AE0-63D9-43F5-9263-FE41731EE157}.Debug|Any CPU.ActiveCfg = Debug|Any CPU
		{898E7AE0-63D9-43F5-9263-FE41731EE157}.Debug|Any CPU.Build.0 = Debug|Any CPU
		{898E7AE0-63D9-43F5-9263-FE41731EE157}.Release|Any CPU.ActiveCfg = Release|Any CPU
		{898E7AE0-63D9-43F5-9263-FE41731EE157}.Release|Any CPU.Build.0 = Release|Any CPU
		{8C89A120-C9C5-4CD3-A7F5-289C18CD9B87}.Debug|Any CPU.ActiveCfg = Debug|Any CPU
		{8C89A120-C9C5-4CD3-A7F5-289C18CD9B87}.Debug|Any CPU.Build.0 = Debug|Any CPU
		{8C89A120-C9C5-4CD3-A7F5-289C18CD9B87}.Release|Any CPU.ActiveCfg = Release|Any CPU
		{8C89A120-C9C5-4CD3-A7F5-289C18CD9B87}.Release|Any CPU.Build.0 = Release|Any CPU
		{50A584C3-CDFA-4FEF-8047-154AB30DDC7B}.Debug|Any CPU.ActiveCfg = Debug|Any CPU
		{50A584C3-CDFA-4FEF-8047-154AB30DDC7B}.Debug|Any CPU.Build.0 = Debug|Any CPU
		{50A584C3-CDFA-4FEF-8047-154AB30DDC7B}.Release|Any CPU.ActiveCfg = Release|Any CPU
		{50A584C3-CDFA-4FEF-8047-154AB30DDC7B}.Release|Any CPU.Build.0 = Release|Any CPU
		{943C2EA6-747E-4B91-9EFD-F25301497F5E}.Debug|Any CPU.ActiveCfg = Debug|Any CPU
		{943C2EA6-747E-4B91-9EFD-F25301497F5E}.Debug|Any CPU.Build.0 = Debug|Any CPU
		{943C2EA6-747E-4B91-9EFD-F25301497F5E}.Release|Any CPU.ActiveCfg = Release|Any CPU
		{943C2EA6-747E-4B91-9EFD-F25301497F5E}.Release|Any CPU.Build.0 = Release|Any CPU
		{5889972A-6830-4F72-A925-75E8FF02C7E3}.Debug|Any CPU.ActiveCfg = Debug|Any CPU
		{5889972A-6830-4F72-A925-75E8FF02C7E3}.Debug|Any CPU.Build.0 = Debug|Any CPU
		{5889972A-6830-4F72-A925-75E8FF02C7E3}.Release|Any CPU.ActiveCfg = Release|Any CPU
		{5889972A-6830-4F72-A925-75E8FF02C7E3}.Release|Any CPU.Build.0 = Release|Any CPU
		{67463462-2E60-457F-A970-98AB0F9E729B}.Debug|Any CPU.ActiveCfg = Debug|Any CPU
		{67463462-2E60-457F-A970-98AB0F9E729B}.Debug|Any CPU.Build.0 = Debug|Any CPU
		{67463462-2E60-457F-A970-98AB0F9E729B}.Release|Any CPU.ActiveCfg = Release|Any CPU
		{67463462-2E60-457F-A970-98AB0F9E729B}.Release|Any CPU.Build.0 = Release|Any CPU
		{732A8523-8F58-40DB-84ED-C3FF0C282416}.Debug|Any CPU.ActiveCfg = Debug|Any CPU
		{732A8523-8F58-40DB-84ED-C3FF0C282416}.Debug|Any CPU.Build.0 = Debug|Any CPU
		{732A8523-8F58-40DB-84ED-C3FF0C282416}.Release|Any CPU.ActiveCfg = Release|Any CPU
		{732A8523-8F58-40DB-84ED-C3FF0C282416}.Release|Any CPU.Build.0 = Release|Any CPU
		{C22D78E3-A6B6-4454-85FF-67314F8C2176}.Debug|Any CPU.ActiveCfg = Debug|Any CPU
		{C22D78E3-A6B6-4454-85FF-67314F8C2176}.Debug|Any CPU.Build.0 = Debug|Any CPU
		{C22D78E3-A6B6-4454-85FF-67314F8C2176}.Release|Any CPU.ActiveCfg = Release|Any CPU
		{C22D78E3-A6B6-4454-85FF-67314F8C2176}.Release|Any CPU.Build.0 = Release|Any CPU
		{FF563129-35BA-4821-845B-D0FEB1B5D432}.Debug|Any CPU.ActiveCfg = Debug|Any CPU
		{FF563129-35BA-4821-845B-D0FEB1B5D432}.Debug|Any CPU.Build.0 = Debug|Any CPU
		{FF563129-35BA-4821-845B-D0FEB1B5D432}.Release|Any CPU.ActiveCfg = Release|Any CPU
		{FF563129-35BA-4821-845B-D0FEB1B5D432}.Release|Any CPU.Build.0 = Release|Any CPU
		{E1B84B0A-7B0B-4663-9A12-A58E578F6E96}.Debug|Any CPU.ActiveCfg = Debug|Any CPU
		{E1B84B0A-7B0B-4663-9A12-A58E578F6E96}.Debug|Any CPU.Build.0 = Debug|Any CPU
		{E1B84B0A-7B0B-4663-9A12-A58E578F6E96}.Release|Any CPU.ActiveCfg = Release|Any CPU
		{E1B84B0A-7B0B-4663-9A12-A58E578F6E96}.Release|Any CPU.Build.0 = Release|Any CPU
		{42ED7470-DBA1-4AC8-818A-3CDEE30032DB}.Debug|Any CPU.ActiveCfg = Debug|Any CPU
		{42ED7470-DBA1-4AC8-818A-3CDEE30032DB}.Debug|Any CPU.Build.0 = Debug|Any CPU
		{42ED7470-DBA1-4AC8-818A-3CDEE30032DB}.Release|Any CPU.ActiveCfg = Release|Any CPU
		{42ED7470-DBA1-4AC8-818A-3CDEE30032DB}.Release|Any CPU.Build.0 = Release|Any CPU
	EndGlobalSection
	GlobalSection(SolutionProperties) = preSolution
		HideSolutionNode = FALSE
	EndGlobalSection
	GlobalSection(NestedProjects) = preSolution
		{24DA7789-4597-4B9E-822B-36CE08327E3B} = {5557D4ED-535B-479F-ABE7-3BE04C2B640C}
		{D7B4F154-052A-4C10-8AA0-0368526DB174} = {F4A6AE9B-1A5F-4CC3-BBD0-4D113B6466EA}
		{78C3A4C0-F043-4A5E-83F5-8A45727A2DB7} = {5557D4ED-535B-479F-ABE7-3BE04C2B640C}
		{898E7AE0-63D9-43F5-9263-FE41731EE157} = {F4A6AE9B-1A5F-4CC3-BBD0-4D113B6466EA}
		{8C89A120-C9C5-4CD3-A7F5-289C18CD9B87} = {F4A6AE9B-1A5F-4CC3-BBD0-4D113B6466EA}
		{50A584C3-CDFA-4FEF-8047-154AB30DDC7B} = {5557D4ED-535B-479F-ABE7-3BE04C2B640C}
		{943C2EA6-747E-4B91-9EFD-F25301497F5E} = {5557D4ED-535B-479F-ABE7-3BE04C2B640C}
		{5889972A-6830-4F72-A925-75E8FF02C7E3} = {CDCA6496-78CA-41A7-B767-E4E89F5542C6}
		{67463462-2E60-457F-A970-98AB0F9E729B} = {CDCA6496-78CA-41A7-B767-E4E89F5542C6}
		{732A8523-8F58-40DB-84ED-C3FF0C282416} = {CDCA6496-78CA-41A7-B767-E4E89F5542C6}
		{C22D78E3-A6B6-4454-85FF-67314F8C2176} = {CDCA6496-78CA-41A7-B767-E4E89F5542C6}
		{CDCA6496-78CA-41A7-B767-E4E89F5542C6} = {F5F41E7B-6449-42EA-998B-675FBBF48BE6}
		{70C34FC3-AB47-41CA-8C7D-1BD38E3CE405} = {F4A6AE9B-1A5F-4CC3-BBD0-4D113B6466EA}
		{FF563129-35BA-4821-845B-D0FEB1B5D432} = {70C34FC3-AB47-41CA-8C7D-1BD38E3CE405}
		{E1B84B0A-7B0B-4663-9A12-A58E578F6E96} = {70C34FC3-AB47-41CA-8C7D-1BD38E3CE405}
		{42ED7470-DBA1-4AC8-818A-3CDEE30032DB} = {70C34FC3-AB47-41CA-8C7D-1BD38E3CE405}
	EndGlobalSection
	GlobalSection(ExtensibilityGlobals) = postSolution
		SolutionGuid = {D8BD4F46-BB87-4C2E-BB07-041D1617D5C1}
	EndGlobalSection
EndGlobal
